
Microsoft Visual Studio Solution File, Format Version 12.00
# Visual Studio Version 17
VisualStudioVersion = 17.0.31903.59
MinimumVisualStudioVersion = 10.0.40219.1
Project("{FAE04EC0-301F-11D3-BF4B-00C04F79EFBC}") = "PizzaBackEnd", "src\PizzaBackEnd\PizzaBackEnd.csproj", "{37E68437-E49E-48AE-9529-37140DFAA825}"
EndProject
Project("{FAE04EC0-301F-11D3-BF4B-00C04F79EFBC}") = "PizzaFrontEnd", "src\PizzaFrontEnd\PizzaFrontEnd.csproj", "{CDB4A98A-49D4-4EF3-A336-8CB51BE726CC}"
EndProject
Project("{E53339B2-1760-4266-BCC7-CA923CBCF16C}") = "docker-compose", "docker-compose.dcproj", "{553ED421-F510-4D45-8BC1-71D3A076FF1E}"
EndProject
Global
	GlobalSection(SolutionConfigurationPlatforms) = preSolution
		Debug|Any CPU = Debug|Any CPU
		Release|Any CPU = Release|Any CPU
	EndGlobalSection
	GlobalSection(ProjectConfigurationPlatforms) = postSolution
		{37E68437-E49E-48AE-9529-37140DFAA825}.Debug|Any CPU.ActiveCfg = Debug|Any CPU
		{37E68437-E49E-48AE-9529-37140DFAA825}.Debug|Any CPU.Build.0 = Debug|Any CPU
		{37E68437-E49E-48AE-9529-37140DFAA825}.Release|Any CPU.ActiveCfg = Release|Any CPU
		{37E68437-E49E-48AE-9529-37140DFAA825}.Release|Any CPU.Build.0 = Release|Any CPU
		{CDB4A98A-49D4-4EF3-A336-8CB51BE726CC}.Debug|Any CPU.ActiveCfg = Debug|Any CPU
		{CDB4A98A-49D4-4EF3-A336-8CB51BE726CC}.Debug|Any CPU.Build.0 = Debug|Any CPU
		{CDB4A98A-49D4-4EF3-A336-8CB51BE726CC}.Release|Any CPU.ActiveCfg = Release|Any CPU
		{CDB4A98A-49D4-4EF3-A336-8CB51BE726CC}.Release|Any CPU.Build.0 = Release|Any CPU
		{553ED421-F510-4D45-8BC1-71D3A076FF1E}.Debug|Any CPU.ActiveCfg = Debug|Any CPU
		{553ED421-F510-4D45-8BC1-71D3A076FF1E}.Debug|Any CPU.Build.0 = Debug|Any CPU
		{553ED421-F510-4D45-8BC1-71D3A076FF1E}.Release|Any CPU.ActiveCfg = Release|Any CPU
		{553ED421-F510-4D45-8BC1-71D3A076FF1E}.Release|Any CPU.Build.0 = Release|Any CPU
	EndGlobalSection
	GlobalSection(SolutionProperties) = preSolution
		HideSolutionNode = FALSE
	EndGlobalSection
	GlobalSection(ExtensibilityGlobals) = postSolution
		SolutionGuid = {E7A6C4F3-E172-4997-86DA-F480E3740BDF}
	EndGlobalSection
EndGlobal
